{
  "version": 4,
  "terraform_version": "1.6.4",
  "serial": 215,
  "lineage": "874d42b6-d46b-828e-25e0-57931de0e07e",
  "outputs": {
    "app_url": {
      "value": "demo5454.azurewebsites.net",
      "type": "string"
    }
  },
  "resources": [
    {
      "mode": "managed",
      "type": "random_id",
      "name": "storage_account",
      "provider": "provider[\"registry.terraform.io/hashicorp/random\"]",
      "instances": [
        {
          "schema_version": 0,
          "attributes": {
            "b64_std": "fkS+RUChROw=",
            "b64_url": "fkS-RUChROw",
            "byte_length": 8,
            "dec": "9098606351841576172",
            "hex": "7e44be4540a144ec",
            "id": "fkS-RUChROw",
            "keepers": {
              "resource_group_name": "demo-rg-test"
            },
            "prefix": null
          },
          "sensitive_attributes": []
        }
      ]
    },
    {
      "module": "module.Az_storage",
      "mode": "managed",
      "type": "azurerm_storage_account",
      "name": "my-storage",
      "provider": "provider[\"registry.terraform.io/hashicorp/azurerm\"]",
      "instances": [
        {
          "schema_version": 4,
          "attributes": {
            "access_tier": "Hot",
            "account_kind": "StorageV2",
            "account_replication_type": "LRS",
            "account_tier": "Standard",
            "allow_nested_items_to_be_public": true,
            "allowed_copy_scope": "",
            "azure_files_authentication": [],
            "blob_properties": [
              {
                "change_feed_enabled": false,
                "change_feed_retention_in_days": 0,
                "container_delete_retention_policy": [],
                "cors_rule": [],
                "default_service_version": "",
                "delete_retention_policy": [],
                "last_access_time_enabled": false,
                "restore_policy": [],
                "versioning_enabled": false
              }
            ],
            "cross_tenant_replication_enabled": true,
            "custom_domain": [],
            "customer_managed_key": [],
            "default_to_oauth_authentication": false,
            "edge_zone": "",
            "enable_https_traffic_only": true,
            "id": "/subscriptions/08a026a7-a65c-4fe3-870f-feb56dfd4eed/resourceGroups/demo-rg-test/providers/Microsoft.Storage/storageAccounts/demo5454",
            "identity": [
              {
                "identity_ids": null,
                "principal_id": "81a5dbbc-b9ad-4085-8f2b-e605232e1e6a",
                "tenant_id": "6139bdde-41b8-4274-91f7-382fb2e5b43c",
                "type": "SystemAssigned"
              }
            ],
            "immutability_policy": [],
            "infrastructure_encryption_enabled": false,
            "is_hns_enabled": false,
            "large_file_share_enabled": null,
            "location": "eastus",
            "min_tls_version": "TLS1_2",
            "name": "demo5454",
            "network_rules": [
              {
                "bypass": [
                  "AzureServices"
                ],
                "default_action": "Allow",
                "ip_rules": [],
                "private_link_access": [],
                "virtual_network_subnet_ids": []
              }
            ],
            "nfsv3_enabled": false,
            "primary_access_key": "Fe6/LtAjv7zSP7SiQazFpHKh53y199Y+AhLHJLu1lDN7ispjGmAa9QzIw3MEEaFsJxJ9buNk2xGs+AStS7ks2g==",
            "primary_blob_connection_string": "DefaultEndpointsProtocol=https;BlobEndpoint=https://demo5454.blob.core.windows.net/;AccountName=demo5454;AccountKey=Fe6/LtAjv7zSP7SiQazFpHKh53y199Y+AhLHJLu1lDN7ispjGmAa9QzIw3MEEaFsJxJ9buNk2xGs+AStS7ks2g==",
            "primary_blob_endpoint": "https://demo5454.blob.core.windows.net/",
            "primary_blob_host": "demo5454.blob.core.windows.net",
            "primary_blob_internet_endpoint": null,
            "primary_blob_internet_host": null,
            "primary_blob_microsoft_endpoint": null,
            "primary_blob_microsoft_host": null,
            "primary_connection_string": "DefaultEndpointsProtocol=https;AccountName=demo5454;AccountKey=Fe6/LtAjv7zSP7SiQazFpHKh53y199Y+AhLHJLu1lDN7ispjGmAa9QzIw3MEEaFsJxJ9buNk2xGs+AStS7ks2g==;EndpointSuffix=core.windows.net",
            "primary_dfs_endpoint": "https://demo5454.dfs.core.windows.net/",
            "primary_dfs_host": "demo5454.dfs.core.windows.net",
            "primary_dfs_internet_endpoint": null,
            "primary_dfs_internet_host": null,
            "primary_dfs_microsoft_endpoint": null,
            "primary_dfs_microsoft_host": null,
            "primary_file_endpoint": "https://demo5454.file.core.windows.net/",
            "primary_file_host": "demo5454.file.core.windows.net",
            "primary_file_internet_endpoint": null,
            "primary_file_internet_host": null,
            "primary_file_microsoft_endpoint": null,
            "primary_file_microsoft_host": null,
            "primary_location": "eastus",
            "primary_queue_endpoint": "https://demo5454.queue.core.windows.net/",
            "primary_queue_host": "demo5454.queue.core.windows.net",
            "primary_queue_microsoft_endpoint": null,
            "primary_queue_microsoft_host": null,
            "primary_table_endpoint": "https://demo5454.table.core.windows.net/",
            "primary_table_host": "demo5454.table.core.windows.net",
            "primary_table_microsoft_endpoint": null,
            "primary_table_microsoft_host": null,
            "primary_web_endpoint": "https://demo5454.z13.web.core.windows.net/",
            "primary_web_host": "demo5454.z13.web.core.windows.net",
            "primary_web_internet_endpoint": null,
            "primary_web_internet_host": null,
            "primary_web_microsoft_endpoint": null,
            "primary_web_microsoft_host": null,
            "public_network_access_enabled": true,
            "queue_encryption_key_type": "Service",
            "queue_properties": [
              {
                "cors_rule": [],
                "hour_metrics": [
                  {
                    "enabled": true,
                    "include_apis": true,
                    "retention_policy_days": 7,
                    "version": "1.0"
                  }
                ],
                "logging": [
                  {
                    "delete": false,
                    "read": false,
                    "retention_policy_days": 0,
                    "version": "1.0",
                    "write": false
                  }
                ],
                "minute_metrics": [
                  {
                    "enabled": false,
                    "include_apis": false,
                    "retention_policy_days": 0,
                    "version": "1.0"
                  }
                ]
              }
            ],
            "resource_group_name": "demo-rg-test",
            "routing": [],
            "sas_policy": [],
            "secondary_access_key": "sS1xHxM16wmYO2JDWBGTSKXh0AO5S35TJPTsDtc64Udy2uY3gdJgLTRgeWl5VfOh754cyLV0TOCk+ASt+L7vSQ==",
            "secondary_blob_connection_string": "",
            "secondary_blob_endpoint": null,
            "secondary_blob_host": null,
            "secondary_blob_internet_endpoint": null,
            "secondary_blob_internet_host": null,
            "secondary_blob_microsoft_endpoint": null,
            "secondary_blob_microsoft_host": null,
            "secondary_connection_string": "DefaultEndpointsProtocol=https;AccountName=demo5454;AccountKey=sS1xHxM16wmYO2JDWBGTSKXh0AO5S35TJPTsDtc64Udy2uY3gdJgLTRgeWl5VfOh754cyLV0TOCk+ASt+L7vSQ==;EndpointSuffix=core.windows.net",
            "secondary_dfs_endpoint": null,
            "secondary_dfs_host": null,
            "secondary_dfs_internet_endpoint": null,
            "secondary_dfs_internet_host": null,
            "secondary_dfs_microsoft_endpoint": null,
            "secondary_dfs_microsoft_host": null,
            "secondary_file_endpoint": null,
            "secondary_file_host": null,
            "secondary_file_internet_endpoint": null,
            "secondary_file_internet_host": null,
            "secondary_file_microsoft_endpoint": null,
            "secondary_file_microsoft_host": null,
            "secondary_location": "",
            "secondary_queue_endpoint": null,
            "secondary_queue_host": null,
            "secondary_queue_microsoft_endpoint": null,
            "secondary_queue_microsoft_host": null,
            "secondary_table_endpoint": null,
            "secondary_table_host": null,
            "secondary_table_microsoft_endpoint": null,
            "secondary_table_microsoft_host": null,
            "secondary_web_endpoint": null,
            "secondary_web_host": null,
            "secondary_web_internet_endpoint": null,
            "secondary_web_internet_host": null,
            "secondary_web_microsoft_endpoint": null,
            "secondary_web_microsoft_host": null,
            "sftp_enabled": false,
            "share_properties": [
              {
                "cors_rule": [],
                "retention_policy": [
                  {
                    "days": 7
                  }
                ],
                "smb": []
              }
            ],
            "shared_access_key_enabled": true,
            "static_website": [],
            "table_encryption_key_type": "Service",
            "tags": null,
            "timeouts": null
          },
          "sensitive_attributes": [],
          "private": "eyJlMmJmYjczMC1lY2FhLTExZTYtOGY4OC0zNDM2M2JjN2M0YzAiOnsiY3JlYXRlIjozNjAwMDAwMDAwMDAwLCJkZWxldGUiOjM2MDAwMDAwMDAwMDAsInJlYWQiOjMwMDAwMDAwMDAwMCwidXBkYXRlIjozNjAwMDAwMDAwMDAwfSwic2NoZW1hX3ZlcnNpb24iOiI0In0="
        }
      ]
    },
    {
      "module": "module.Az_storage",
      "mode": "managed",
      "type": "azurerm_storage_share",
      "name": "website_installers_share",
      "provider": "provider[\"registry.terraform.io/hashicorp/azurerm\"]",
      "instances": [
        {
          "schema_version": 2,
          "attributes": {
            "access_tier": "TransactionOptimized",
            "acl": [],
            "enabled_protocol": "SMB",
            "id": "https://demo5454.file.core.windows.net/demo-7e44be4540a144ec",
            "metadata": {},
            "name": "demo-7e44be4540a144ec",
            "quota": 50,
            "resource_manager_id": "/subscriptions/08a026a7-a65c-4fe3-870f-feb56dfd4eed/resourceGroups/demo-rg-test/providers/Microsoft.Storage/storageAccounts/demo5454/fileServices/default/fileshares/demo-7e44be4540a144ec",
            "storage_account_name": "demo5454",
            "timeouts": null,
            "url": "https://demo5454.file.core.windows.net/demo-7e44be4540a144ec"
          },
          "sensitive_attributes": [],
          "private": "eyJlMmJmYjczMC1lY2FhLTExZTYtOGY4OC0zNDM2M2JjN2M0YzAiOnsiY3JlYXRlIjoxODAwMDAwMDAwMDAwLCJkZWxldGUiOjE4MDAwMDAwMDAwMDAsInJlYWQiOjMwMDAwMDAwMDAwMCwidXBkYXRlIjoxODAwMDAwMDAwMDAwfSwic2NoZW1hX3ZlcnNpb24iOiIyIn0=",
          "dependencies": [
            "module.Az_storage.azurerm_storage_account.my-storage",
            "random_id.storage_account"
          ]
        }
      ]
    },
    {
      "module": "module.app_insights",
      "mode": "managed",
      "type": "azurerm_application_insights",
      "name": "my-app-insights",
      "provider": "provider[\"registry.terraform.io/hashicorp/azurerm\"]",
      "instances": [
        {
          "schema_version": 1,
          "attributes": {
            "app_id": "fba8b4c5-500b-4323-a250-740620017928",
            "application_type": "web",
            "connection_string": "InstrumentationKey=c960b471-53aa-42e4-ad5a-dc75cc3c161c;IngestionEndpoint=https://eastus-5.in.applicationinsights.azure.com/;LiveEndpoint=https://eastus.livediagnostics.monitor.azure.com/",
            "daily_data_cap_in_gb": 100,
            "daily_data_cap_notifications_disabled": false,
            "disable_ip_masking": false,
            "force_customer_storage_for_profiler": false,
            "id": "/subscriptions/08a026a7-a65c-4fe3-870f-feb56dfd4eed/resourceGroups/demo-rg-test/providers/Microsoft.Insights/components/demo-appinsights",
            "instrumentation_key": "c960b471-53aa-42e4-ad5a-dc75cc3c161c",
            "internet_ingestion_enabled": true,
            "internet_query_enabled": true,
            "local_authentication_disabled": false,
            "location": "eastus",
            "name": "demo-appinsights",
            "resource_group_name": "demo-rg-test",
            "retention_in_days": 90,
            "sampling_percentage": 100,
            "tags": null,
            "timeouts": null,
            "workspace_id": ""
          },
          "sensitive_attributes": [],
          "private": "eyJlMmJmYjczMC1lY2FhLTExZTYtOGY4OC0zNDM2M2JjN2M0YzAiOnsiY3JlYXRlIjozNjAwMDAwMDAwMDAwLCJkZWxldGUiOjE4MDAwMDAwMDAwMDAsInJlYWQiOjMwMDAwMDAwMDAwMCwidXBkYXRlIjoxODAwMDAwMDAwMDAwfSwic2NoZW1hX3ZlcnNpb24iOiIxIn0="
        }
      ]
    },
    {
      "module": "module.app_service_plan",
      "mode": "managed",
      "type": "azurerm_service_plan",
      "name": "app-plan",
      "provider": "provider[\"registry.terraform.io/hashicorp/azurerm\"]",
      "instances": [
        {
          "schema_version": 0,
          "attributes": {
            "app_service_environment_id": "",
            "id": "/subscriptions/08a026a7-a65c-4fe3-870f-feb56dfd4eed/resourceGroups/demo-rg-test/providers/Microsoft.Web/serverfarms/demo-servicePlan",
            "kind": "linux",
            "location": "eastus",
            "maximum_elastic_worker_count": 1,
            "name": "demo-servicePlan",
            "os_type": "Linux",
            "per_site_scaling_enabled": false,
            "reserved": true,
            "resource_group_name": "demo-rg-test",
            "sku_name": "S1",
            "tags": null,
            "timeouts": null,
            "worker_count": 1,
            "zone_balancing_enabled": false
          },
          "sensitive_attributes": [],
          "private": "eyJlMmJmYjczMC1lY2FhLTExZTYtOGY4OC0zNDM2M2JjN2M0YzAiOnsiY3JlYXRlIjozNjAwMDAwMDAwMDAwLCJkZWxldGUiOjM2MDAwMDAwMDAwMDAsInJlYWQiOjMwMDAwMDAwMDAwMCwidXBkYXRlIjozNjAwMDAwMDAwMDAwfX0="
        }
      ]
    },
    {
      "module": "module.web_app",
      "mode": "managed",
      "type": "azurerm_linux_web_app",
      "name": "web-app",
      "provider": "provider[\"registry.terraform.io/hashicorp/azurerm\"]",
      "instances": [
        {
          "schema_version": 0,
          "attributes": {
            "app_settings": {
              "APPINSIGHTS_INSTRUMENTATIONKEY": "my-instrumentation-key",
              "APPLICATIONINSIGHTS_CONNECTION_STRING": "InstrumentationKey=c960b471-53aa-42e4-ad5a-dc75cc3c161c;IngestionEndpoint=https://eastus-5.in.applicationinsights.azure.com/;LiveEndpoint=https://eastus.livediagnostics.monitor.azure.com/",
              "ApplicationInsightsAgent_EXTENSION_VERSION": "~3",
              "SCM_DO_BUILD_DURING_DEPLOYMENT": "true",
              "STORAGE_ACCOUNT_NAME": "demo5454",
              "WEBSITE_RUN_FROM_PACKAGE": "1",
              "storage_account_access_key": "Fe6/LtAjv7zSP7SiQazFpHKh53y199Y+AhLHJLu1lDN7ispjGmAa9QzIw3MEEaFsJxJ9buNk2xGs+AStS7ks2g=="
            },
            "auth_settings": [],
            "auth_settings_v2": [],
            "backup": [],
            "client_affinity_enabled": false,
            "client_certificate_enabled": false,
            "client_certificate_exclusion_paths": "",
            "client_certificate_mode": "Required",
            "connection_string": [],
            "custom_domain_verification_id": "5FA07DD9731AFA3241CCF57547B66DA18F75A8834192E2A7BCB2574DAFDF85B0",
            "default_hostname": "demo5454.azurewebsites.net",
            "enabled": true,
            "ftp_publish_basic_authentication_enabled": true,
            "hosting_environment_id": "",
            "https_only": false,
            "id": "/subscriptions/08a026a7-a65c-4fe3-870f-feb56dfd4eed/resourceGroups/demo-rg-test/providers/Microsoft.Web/sites/demo5454",
            "identity": [],
            "key_vault_reference_identity_id": "SystemAssigned",
            "kind": "app,linux",
            "location": "eastus",
            "logs": [],
            "name": "demo5454",
            "outbound_ip_address_list": [
              "20.246.136.44",
              "20.246.136.46",
              "20.237.27.112",
              "20.246.136.66",
              "20.246.136.72",
              "20.246.136.111",
              "20.119.8.31"
            ],
            "outbound_ip_addresses": "20.246.136.44,20.246.136.46,20.237.27.112,20.246.136.66,20.246.136.72,20.246.136.111,20.119.8.31",
            "possible_outbound_ip_address_list": [
              "20.246.136.44",
              "20.246.136.46",
              "20.237.27.112",
              "20.246.136.66",
              "20.246.136.72",
              "20.246.136.111",
              "20.246.136.188",
              "20.246.136.251",
              "20.246.137.40",
              "20.246.137.55",
              "20.237.28.215",
              "20.237.31.21",
              "20.237.31.57",
              "20.246.137.66",
              "20.246.137.68",
              "20.237.31.9",
              "20.246.137.73",
              "20.237.31.71",
              "20.246.137.121",
              "20.237.31.7",
              "20.246.137.140",
              "20.246.137.209",
              "20.246.138.109",
              "20.246.138.148",
              "20.119.8.31"
            ],
            "possible_outbound_ip_addresses": "20.246.136.44,20.246.136.46,20.237.27.112,20.246.136.66,20.246.136.72,20.246.136.111,20.246.136.188,20.246.136.251,20.246.137.40,20.246.137.55,20.237.28.215,20.237.31.21,20.237.31.57,20.246.137.66,20.246.137.68,20.237.31.9,20.246.137.73,20.237.31.71,20.246.137.121,20.237.31.7,20.246.137.140,20.246.137.209,20.246.138.109,20.246.138.148,20.119.8.31",
            "public_network_access_enabled": true,
            "resource_group_name": "demo-rg-test",
            "service_plan_id": "/subscriptions/08a026a7-a65c-4fe3-870f-feb56dfd4eed/resourceGroups/demo-rg-test/providers/Microsoft.Web/serverfarms/demo-servicePlan",
            "site_config": [
              {
                "always_on": true,
                "api_definition_url": "",
                "api_management_api_id": "",
                "app_command_line": "",
                "application_stack": [
                  {
                    "docker_image": "",
                    "docker_image_name": "",
                    "docker_image_tag": "",
                    "docker_registry_password": "",
                    "docker_registry_url": "",
                    "docker_registry_username": "",
                    "dotnet_version": "",
                    "go_version": "",
                    "java_server": "",
                    "java_server_version": "",
                    "java_version": "",
                    "node_version": "",
                    "php_version": "",
                    "python_version": "3.9",
                    "ruby_version": ""
                  }
                ],
                "auto_heal_enabled": false,
                "auto_heal_setting": [],
                "container_registry_managed_identity_client_id": "",
                "container_registry_use_managed_identity": false,
                "cors": [],
                "default_documents": [
                  "Default.htm",
                  "Default.html",
                  "Default.asp",
                  "index.htm",
                  "index.html",
                  "iisstart.htm",
                  "default.aspx",
                  "index.php",
                  "hostingstart.html"
                ],
                "detailed_error_logging_enabled": false,
                "ftps_state": "Disabled",
                "health_check_eviction_time_in_min": 0,
                "health_check_path": "",
                "http2_enabled": false,
                "ip_restriction": [],
                "linux_fx_version": "PYTHON|3.9",
                "load_balancing_mode": "LeastRequests",
                "local_mysql_enabled": false,
                "managed_pipeline_mode": "Integrated",
                "minimum_tls_version": "1.2",
                "remote_debugging_enabled": false,
                "remote_debugging_version": "VS2019",
                "scm_ip_restriction": [],
                "scm_minimum_tls_version": "1.2",
                "scm_type": "None",
                "scm_use_main_ip_restriction": false,
                "use_32_bit_worker": true,
                "vnet_route_all_enabled": false,
                "websockets_enabled": false,
                "worker_count": 1
              }
            ],
            "site_credential": [
              {
                "name": "$demo5454",
                "password": "3G8Wy0hr08fpYzv4f8i8qSGuio1X0hGGBoliPD3NxMFZoJdJPTpRn1RCoKnH"
              }
            ],
            "sticky_settings": [],
            "storage_account": [
              {
                "access_key": "Fe6/LtAjv7zSP7SiQazFpHKh53y199Y+AhLHJLu1lDN7ispjGmAa9QzIw3MEEaFsJxJ9buNk2xGs+AStS7ks2g==",
                "account_name": "demo5454",
                "mount_path": "/mounts/guides",
                "name": "WebsiteStorageConnectionString",
                "share_name": "demo-7e44be4540a144ec",
                "type": "AzureFiles"
              }
            ],
            "tags": null,
            "timeouts": null,
            "virtual_network_subnet_id": "",
            "webdeploy_publish_basic_authentication_enabled": true,
            "zip_deploy_file": ""
          },
          "sensitive_attributes": [
            [
              {
                "type": "get_attr",
                "value": "storage_account"
              }
            ],
            [
              {
                "type": "get_attr",
                "value": "app_settings"
              },
              {
                "type": "index",
                "value": {
                  "value": "APPLICATIONINSIGHTS_CONNECTION_STRING",
                  "type": "string"
                }
              }
            ],
            [
              {
                "type": "get_attr",
                "value": "app_settings"
              },
              {
                "type": "index",
                "value": {
                  "value": "storage_account_access_key",
                  "type": "string"
                }
              }
            ]
          ],
          "private": "eyJlMmJmYjczMC1lY2FhLTExZTYtOGY4OC0zNDM2M2JjN2M0YzAiOnsiY3JlYXRlIjoxODAwMDAwMDAwMDAwLCJkZWxldGUiOjE4MDAwMDAwMDAwMDAsInJlYWQiOjMwMDAwMDAwMDAwMCwidXBkYXRlIjoxODAwMDAwMDAwMDAwfX0=",
          "dependencies": [
            "module.Az_storage.azurerm_storage_account.my-storage",
            "module.app_insights.azurerm_application_insights.my-app-insights",
            "module.app_service_plan.azurerm_service_plan.app-plan",
            "random_id.storage_account"
          ]
        }
      ]
    }
  ],
  "check_results": null
}
